// !$*UTF8*$!
{
	archiveVersion = 1;
	classes = {
	};
	objectVersion = 56;
	objects = {

/* Begin PBXBuildFile section */
		6727DB9929F9FA3600BD782C /* PrimaryButton.swift in Sources */ = {isa = PBXBuildFile; fileRef = 6727DB9829F9FA3600BD782C /* PrimaryButton.swift */; };
		6746430029FB4627009455E1 /* Extensions.swift in Sources */ = {isa = PBXBuildFile; fileRef = 674642FF29FB4627009455E1 /* Extensions.swift */; };
		6751258229C2046B00662C8D /* City.swift in Sources */ = {isa = PBXBuildFile; fileRef = 6751258129C2046B00662C8D /* City.swift */; };
		6751258429C2054600662C8D /* CityManager.swift in Sources */ = {isa = PBXBuildFile; fileRef = 6751258329C2054600662C8D /* CityManager.swift */; };
		6751258729C2082A00662C8D /* CityCardView.swift in Sources */ = {isa = PBXBuildFile; fileRef = 6751258629C2082A00662C8D /* CityCardView.swift */; };
		6794714C29BB7FAB00059D8C /* AP_ProjectApp.swift in Sources */ = {isa = PBXBuildFile; fileRef = 6794714B29BB7FAB00059D8C /* AP_ProjectApp.swift */; };
		6794714E29BB7FAB00059D8C /* ContentView.swift in Sources */ = {isa = PBXBuildFile; fileRef = 6794714D29BB7FAB00059D8C /* ContentView.swift */; };
		6794715029BB7FAD00059D8C /* Assets.xcassets in Resources */ = {isa = PBXBuildFile; fileRef = 6794714F29BB7FAD00059D8C /* Assets.xcassets */; };
		6794715329BB7FAD00059D8C /* Preview Assets.xcassets in Resources */ = {isa = PBXBuildFile; fileRef = 6794715229BB7FAD00059D8C /* Preview Assets.xcassets */; };
		6794715A29BB861C00059D8C /* cityData.json in Resources */ = {isa = PBXBuildFile; fileRef = 6794715929BB861C00059D8C /* cityData.json */; };
/* End PBXBuildFile section */

/* Begin PBXFileReference section */
		6727DB9829F9FA3600BD782C /* PrimaryButton.swift */ = {isa = PBXFileReference; lastKnownFileType = sourcecode.swift; path = PrimaryButton.swift; sourceTree = "<group>"; };
		674642FF29FB4627009455E1 /* Extensions.swift */ = {isa = PBXFileReference; lastKnownFileType = sourcecode.swift; path = Extensions.swift; sourceTree = "<group>"; };
		6751258129C2046B00662C8D /* City.swift */ = {isa = PBXFileReference; lastKnownFileType = sourcecode.swift; path = City.swift; sourceTree = "<group>"; };
		6751258329C2054600662C8D /* CityManager.swift */ = {isa = PBXFileReference; lastKnownFileType = sourcecode.swift; path = CityManager.swift; sourceTree = "<group>"; };
		6751258629C2082A00662C8D /* CityCardView.swift */ = {isa = PBXFileReference; lastKnownFileType = sourcecode.swift; path = CityCardView.swift; sourceTree = "<group>"; };
		6794714829BB7FAB00059D8C /* AP Project.app */ = {isa = PBXFileReference; explicitFileType = wrapper.application; includeInIndex = 0; path = "AP Project.app"; sourceTree = BUILT_PRODUCTS_DIR; };
		6794714B29BB7FAB00059D8C /* AP_ProjectApp.swift */ = {isa = PBXFileReference; lastKnownFileType = sourcecode.swift; path = AP_ProjectApp.swift; sourceTree = "<group>"; };
		6794714D29BB7FAB00059D8C /* ContentView.swift */ = {isa = PBXFileReference; lastKnownFileType = sourcecode.swift; path = ContentView.swift; sourceTree = "<group>"; };
		6794714F29BB7FAD00059D8C /* Assets.xcassets */ = {isa = PBXFileReference; lastKnownFileType = folder.assetcatalog; path = Assets.xcassets; sourceTree = "<group>"; };
		6794715229BB7FAD00059D8C /* Preview Assets.xcassets */ = {isa = PBXFileReference; lastKnownFileType = folder.assetcatalog; path = "Preview Assets.xcassets"; sourceTree = "<group>"; };
		6794715929BB861C00059D8C /* cityData.json */ = {isa = PBXFileReference; lastKnownFileType = text.json; path = cityData.json; sourceTree = "<group>"; };
/* End PBXFileReference section */

/* Begin PBXFrameworksBuildPhase section */
		6794714529BB7FAB00059D8C /* Frameworks */ = {
			isa = PBXFrameworksBuildPhase;
			buildActionMask = 2147483647;
			files = (
			);
			runOnlyForDeploymentPostprocessing = 0;
		};
/* End PBXFrameworksBuildPhase section */

/* Begin PBXGroup section */
		673DB3292A058BC4003877BB /* Controller */ = {
			isa = PBXGroup;
			children = (
				6751258329C2054600662C8D /* CityManager.swift */,
			);
			path = Controller;
			sourceTree = "<group>";
		};
		6751258029C2044B00662C8D /* Model */ = {
			isa = PBXGroup;
			children = (
				6751258129C2046B00662C8D /* City.swift */,
				6794715929BB861C00059D8C /* cityData.json */,
			);
			path = Model;
			sourceTree = "<group>";
		};
		6751258529C2081400662C8D /* Views */ = {
			isa = PBXGroup;
			children = (
				6794714D29BB7FAB00059D8C /* ContentView.swift */,
				6751258629C2082A00662C8D /* CityCardView.swift */,
				6727DB9829F9FA3600BD782C /* PrimaryButton.swift */,
				674642FF29FB4627009455E1 /* Extensions.swift */,
			);
			path = Views;
			sourceTree = "<group>";
		};
		6794713F29BB7FAB00059D8C = {
			isa = PBXGroup;
			children = (
				6794714A29BB7FAB00059D8C /* AP Project */,
				6794714929BB7FAB00059D8C /* Products */,
			);
			sourceTree = "<group>";
		};
		6794714929BB7FAB00059D8C /* Products */ = {
			isa = PBXGroup;
			children = (
				6794714829BB7FAB00059D8C /* AP Project.app */,
			);
			name = Products;
			sourceTree = "<group>";
		};
		6794714A29BB7FAB00059D8C /* AP Project */ = {
			isa = PBXGroup;
			children = (
				6794714B29BB7FAB00059D8C /* AP_ProjectApp.swift */,
				6751258029C2044B00662C8D /* Model */,
				673DB3292A058BC4003877BB /* Controller */,
				6751258529C2081400662C8D /* Views */,
				6794714F29BB7FAD00059D8C /* Assets.xcassets */,
				6794715129BB7FAD00059D8C /* Preview Content */,
			);
			path = "AP Project";
			sourceTree = "<group>";
		};
		6794715129BB7FAD00059D8C /* Preview Content */ = {
			isa = PBXGroup;
			children = (
				6794715229BB7FAD00059D8C /* Preview Assets.xcassets */,
			);
			path = "Preview Content";
			sourceTree = "<group>";
		};
/* End PBXGroup section */

/* Begin PBXNativeTarget section */
		6794714729BB7FAB00059D8C /* AP Project */ = {
			isa = PBXNativeTarget;
			buildConfigurationList = 6794715629BB7FAD00059D8C /* Build configuration list for PBXNativeTarget "AP Project" */;
			buildPhases = (
				6794714429BB7FAB00059D8C /* Sources */,
				6794714529BB7FAB00059D8C /* Frameworks */,
				6794714629BB7FAB00059D8C /* Resources */,
			);
			buildRules = (
			);
			dependencies = (
			);
			name = "AP Project";
			productName = "AP Project";
			productReference = 6794714829BB7FAB00059D8C /* AP Project.app */;
			productType = "com.apple.product-type.application";
		};
/* End PBXNativeTarget section */

/* Begin PBXProject section */
		6794714029BB7FAB00059D8C /* Project object */ = {
			isa = PBXProject;
			attributes = {
				BuildIndependentTargetsInParallel = 1;
				LastSwiftUpdateCheck = 1410;
				LastUpgradeCheck = 1410;
				TargetAttributes = {
					6794714729BB7FAB00059D8C = {
						CreatedOnToolsVersion = 14.1;
					};
				};
			};
			buildConfigurationList = 6794714329BB7FAB00059D8C /* Build configuration list for PBXProject "AP Project" */;
			compatibilityVersion = "Xcode 14.0";
			developmentRegion = en;
			hasScannedForEncodings = 0;
			knownRegions = (
				en,
				Base,
			);
			mainGroup = 6794713F29BB7FAB00059D8C;
			productRefGroup = 6794714929BB7FAB00059D8C /* Products */;
			projectDirPath = "";
			projectRoot = "";
			targets = (
				6794714729BB7FAB00059D8C /* AP Project */,
			);
		};
/* End PBXProject section */

/* Begin PBXResourcesBuildPhase section */
		6794714629BB7FAB00059D8C /* Resources */ = {
			isa = PBXResourcesBuildPhase;
			buildActionMask = 2147483647;
			files = (
				6794715329BB7FAD00059D8C /* Preview Assets.xcassets in Resources */,
				6794715A29BB861C00059D8C /* cityData.json in Resources */,
				6794715029BB7FAD00059D8C /* Assets.xcassets in Resources */,
			);
			runOnlyForDeploymentPostprocessing = 0;
		};
/* End PBXResourcesBuildPhase section */

/* Begin PBXSourcesBuildPhase section */
		6794714429BB7FAB00059D8C /* Sources */ = {
			isa = PBXSourcesBuildPhase;
			buildActionMask = 2147483647;
			files = (
				6746430029FB4627009455E1 /* Extensions.swift in Sources */,
				6751258429C2054600662C8D /* CityManager.swift in Sources */,
				6794714E29BB7FAB00059D8C /* ContentView.swift in Sources */,
				6751258729C2082A00662C8D /* CityCardView.swift in Sources */,
				6794714C29BB7FAB00059D8C /* AP_ProjectApp.swift in Sources */,
				6727DB9929F9FA3600BD782C /* PrimaryButton.swift in Sources */,
				6751258229C2046B00662C8D /* City.swift in Sources */,
			);
			runOnlyForDeploymentPostprocessing = 0;
		};
/* End PBXSourcesBuildPhase section */

/* Begin XCBuildConfiguration section */
		6794715429BB7FAD00059D8C /* Debug */ = {
			isa = XCBuildConfiguration;
			buildSettings = {
				ALWAYS_SEARCH_USER_PATHS = NO;
				CLANG_ANALYZER_NONNULL = YES;
				CLANG_ANALYZER_NUMBER_OBJECT_CONVERSION = YES_AGGRESSIVE;
				CLANG_CXX_LANGUAGE_STANDARD = "gnu++20";
				CLANG_ENABLE_MODULES = YES;
				CLANG_ENABLE_OBJC_ARC = YES;
				CLANG_ENABLE_OBJC_WEAK = YES;
				CLANG_WARN_BLOCK_CAPTURE_AUTORELEASING = YES;
				CLANG_WARN_BOOL_CONVERSION = YES;
				CLANG_WARN_COMMA = YES;
				CLANG_WARN_CONSTANT_CONVERSION = YES;
				CLANG_WARN_DEPRECATED_OBJC_IMPLEMENTATIONS = YES;
				CLANG_WARN_DIRECT_OBJC_ISA_USAGE = YES_ERROR;
				CLANG_WARN_DOCUMENTATION_COMMENTS = YES;
				CLANG_WARN_EMPTY_BODY = YES;
				CLANG_WARN_ENUM_CONVERSION = YES;
				CLANG_WARN_INFINITE_RECURSION = YES;
				CLANG_WARN_INT_CONVERSION = YES;
				CLANG_WARN_NON_LITERAL_NULL_CONVERSION = YES;
				CLANG_WARN_OBJC_IMPLICIT_RETAIN_SELF = YES;
				CLANG_WARN_OBJC_LITERAL_CONVERSION = YES;
				CLANG_WARN_OBJC_ROOT_CLASS = YES_ERROR;
				CLANG_WARN_QUOTED_INCLUDE_IN_FRAMEWORK_HEADER = YES;
				CLANG_WARN_RANGE_LOOP_ANALYSIS = YES;
				CLANG_WARN_STRICT_PROTOTYPES = YES;
				CLANG_WARN_SUSPICIOUS_MOVE = YES;
				CLANG_WARN_UNGUARDED_AVAILABILITY = YES_AGGRESSIVE;
				CLANG_WARN_UNREACHABLE_CODE = YES;
				CLANG_WARN__DUPLICATE_METHOD_MATCH = YES;
				COPY_PHASE_STRIP = NO;
				DEBUG_INFORMATION_FORMAT = dwarf;
				ENABLE_STRICT_OBJC_MSGSEND = YES;
				ENABLE_TESTABILITY = YES;
				GCC_C_LANGUAGE_STANDARD = gnu11;
				GCC_DYNAMIC_NO_PIC = NO;
				GCC_NO_COMMON_BLOCKS = YES;
				GCC_OPTIMIZATION_LEVEL = 0;
				GCC_PREPROCESSOR_DEFINITIONS = (
					"DEBUG=1",
					"$(inherited)",
				);
				GCC_WARN_64_TO_32_BIT_CONVERSION = YES;
				GCC_WARN_ABOUT_RETURN_TYPE = YES_ERROR;
				GCC_WARN_UNDECLARED_SELECTOR = YES;
				GCC_WARN_UNINITIALIZED_AUTOS = YES_AGGRESSIVE;
				GCC_WARN_UNUSED_FUNCTION = YES;
				GCC_WARN_UNUSED_VARIABLE = YES;
				IPHONEOS_DEPLOYMENT_TARGET = 16.1;
				MTL_ENABLE_DEBUG_INFO = INCLUDE_SOURCE;
				MTL_FAST_MATH = YES;
				ONLY_ACTIVE_ARCH = YES;
				SDKROOT = iphoneos;
				SWIFT_ACTIVE_COMPILATION_CONDITIONS = DEBUG;
				SWIFT_OPTIMIZATION_LEVEL = "-Onone";
			};
			name = Debug;
		};
		6794715529BB7FAD00059D8C /* Release */ = {
			isa = XCBuildConfiguration;
			buildSettings = {
				ALWAYS_SEARCH_USER_PATHS = NO;
				CLANG_ANALYZER_NONNULL = YES;
				CLANG_ANALYZER_NUMBER_OBJECT_CONVERSION = YES_AGGRESSIVE;
				CLANG_CXX_LANGUAGE_STANDARD = "gnu++20";
				CLANG_ENABLE_MODULES = YES;
				CLANG_ENABLE_OBJC_ARC = YES;
				CLANG_ENABLE_OBJC_WEAK = YES;
				CLANG_WARN_BLOCK_CAPTURE_AUTORELEASING = YES;
				CLANG_WARN_BOOL_CONVERSION = YES;
				CLANG_WARN_COMMA = YES;
				CLANG_WARN_CONSTANT_CONVERSION = YES;
				CLANG_WARN_DEPRECATED_OBJC_IMPLEMENTATIONS = YES;
				CLANG_WARN_DIRECT_OBJC_ISA_USAGE = YES_ERROR;
				CLANG_WARN_DOCUMENTATION_COMMENTS = YES;
				CLANG_WARN_EMPTY_BODY = YES;
				CLANG_WARN_ENUM_CONVERSION = YES;
				CLANG_WARN_INFINITE_RECURSION = YES;
				CLANG_WARN_INT_CONVERSION = YES;
				CLANG_WARN_NON_LITERAL_NULL_CONVERSION = YES;
				CLANG_WARN_OBJC_IMPLICIT_RETAIN_SELF = YES;
				CLANG_WARN_OBJC_LITERAL_CONVERSION = YES;
				CLANG_WARN_OBJC_ROOT_CLASS = YES_ERROR;
				CLANG_WARN_QUOTED_INCLUDE_IN_FRAMEWORK_HEADER = YES;
				CLANG_WARN_RANGE_LOOP_ANALYSIS = YES;
				CLANG_WARN_STRICT_PROTOTYPES = YES;
				CLANG_WARN_SUSPICIOUS_MOVE = YES;
				CLANG_WARN_UNGUARDED_AVAILABILITY = YES_AGGRESSIVE;
				CLANG_WARN_UNREACHABLE_CODE = YES;
				CLANG_WARN__DUPLICATE_METHOD_MATCH = YES;
				COPY_PHASE_STRIP = NO;
				DEBUG_INFORMATION_FORMAT = "dwarf-with-dsym";
				ENABLE_NS_ASSERTIONS = NO;
				ENABLE_STRICT_OBJC_MSGSEND = YES;
				GCC_C_LANGUAGE_STANDARD = gnu11;
				GCC_NO_COMMON_BLOCKS = YES;
				GCC_WARN_64_TO_32_BIT_CONVERSION = YES;
				GCC_WARN_ABOUT_RETURN_TYPE = YES_ERROR;
				GCC_WARN_UNDECLARED_SELECTOR = YES;
				GCC_WARN_UNINITIALIZED_AUTOS = YES_AGGRESSIVE;
				GCC_WARN_UNUSED_FUNCTION = YES;
				GCC_WARN_UNUSED_VARIABLE = YES;
				IPHONEOS_DEPLOYMENT_TARGET = 16.1;
				MTL_ENABLE_DEBUG_INFO = NO;
				MTL_FAST_MATH = YES;
				SDKROOT = iphoneos;
				SWIFT_COMPILATION_MODE = wholemodule;
				SWIFT_OPTIMIZATION_LEVEL = "-O";
				VALIDATE_PRODUCT = YES;
			};
			name = Release;
		};
		6794715729BB7FAD00059D8C /* Debug */ = {
			isa = XCBuildConfiguration;
			buildSettings = {
				ASSETCATALOG_COMPILER_APPICON_NAME = AppIcon;
				ASSETCATALOG_COMPILER_GLOBAL_ACCENT_COLOR_NAME = AccentColor;
				CODE_SIGN_STYLE = Automatic;
				CURRENT_PROJECT_VERSION = 1;
				DEVELOPMENT_ASSET_PATHS = "\"AP Project/Preview Content\"";
				DEVELOPMENT_TEAM = SQ42XB9ND2;
				ENABLE_PREVIEWS = YES;
				GENERATE_INFOPLIST_FILE = YES;
				INFOPLIST_KEY_UIApplicationSceneManifest_Generation = YES;
				INFOPLIST_KEY_UIApplicationSupportsIndirectInputEvents = YES;
				INFOPLIST_KEY_UILaunchScreen_Generation = YES;
				INFOPLIST_KEY_UISupportedInterfaceOrientations_iPad = "UIInterfaceOrientationPortrait UIInterfaceOrientationPortraitUpsideDown UIInterfaceOrientationLandscapeLeft UIInterfaceOrientationLandscapeRight";
				INFOPLIST_KEY_UISupportedInterfaceOrientations_iPhone = "UIInterfaceOrientationPortrait UIInterfaceOrientationLandscapeLeft UIInterfaceOrientationLandscapeRight";
				LD_RUNPATH_SEARCH_PATHS = (
					"$(inherited)",
					"@executable_path/Frameworks",
				);
				MARKETING_VERSION = 1.0;
				PRODUCT_BUNDLE_IDENTIFIER = "CompSci.AP-Project";
				PRODUCT_NAME = "$(TARGET_NAME)";
				SWIFT_EMIT_LOC_STRINGS = YES;
				SWIFT_VERSION = 5.0;
				TARGETED_DEVICE_FAMILY = "1,2";
			};
			name = Debug;
		};
		6794715829BB7FAD00059D8C /* Release */ = {
			isa = XCBuildConfiguration;
			buildSettings = {
				ASSETCATALOG_COMPILER_APPICON_NAME = AppIcon;
				ASSETCATALOG_COMPILER_GLOBAL_ACCENT_COLOR_NAME = AccentColor;
				CODE_SIGN_STYLE = Automatic;
				CURRENT_PROJECT_VERSION = 1;
				DEVELOPMENT_ASSET_PATHS = "\"AP Project/Preview Content\"";
				DEVELOPMENT_TEAM = SQ42XB9ND2;
				ENABLE_PREVIEWS = YES;
				GENERATE_INFOPLIST_FILE = YES;
				INFOPLIST_KEY_UIApplicationSceneManifest_Generation = YES;
				INFOPLIST_KEY_UIApplicationSupportsIndirectInputEvents = YES;
				INFOPLIST_KEY_UILaunchScreen_Generation = YES;
				INFOPLIST_KEY_UISupportedInterfaceOrientations_iPad = "UIInterfaceOrientationPortrait UIInterfaceOrientationPortraitUpsideDown UIInterfaceOrientationLandscapeLeft UIInterfaceOrientationLandscapeRight";
				INFOPLIST_KEY_UISupportedInterfaceOrientations_iPhone = "UIInterfaceOrientationPortrait UIInterfaceOrientationLandscapeLeft UIInterfaceOrientationLandscapeRight";
				LD_RUNPATH_SEARCH_PATHS = (
					"$(inherited)",
					"@executable_path/Frameworks",
				);
				MARKETING_VERSION = 1.0;
				PRODUCT_BUNDLE_IDENTIFIER = "CompSci.AP-Project";
				PRODUCT_NAME = "$(TARGET_NAME)";
				SWIFT_EMIT_LOC_STRINGS = YES;
				SWIFT_VERSION = 5.0;
				TARGETED_DEVICE_FAMILY = "1,2";
			};
			name = Release;
		};
/* End XCBuildConfiguration section */

/* Begin XCConfigurationList section */
		6794714329BB7FAB00059D8C /* Build configuration list for PBXProject "AP Project" */ = {
			isa = XCConfigurationList;
			buildConfigurations = (
				6794715429BB7FAD00059D8C /* Debug */,
				6794715529BB7FAD00059D8C /* Release */,
			);
			defaultConfigurationIsVisible = 0;
			defaultConfigurationName = Release;
		};
		6794715629BB7FAD00059D8C /* Build configuration list for PBXNativeTarget "AP Project" */ = {
			isa = XCConfigurationList;
			buildConfigurations = (
				6794715729BB7FAD00059D8C /* Debug */,
				6794715829BB7FAD00059D8C /* Release */,
			);
			defaultConfigurationIsVisible = 0;
			defaultConfigurationName = Release;
		};
/* End XCConfigurationList section */
	};
	rootObject = 6794714029BB7FAB00059D8C /* Project object */;
}
